
Microsoft Visual Studio Solution File, Format Version 12.00
# Visual Studio Version 16
VisualStudioVersion = 16.0.30128.74
MinimumVisualStudioVersion = 10.0.40219.1
Project("{FAE04EC0-301F-11D3-BF4B-00C04F79EFBC}") = "Login_Cadastro", "Login_Cadastro.csproj", "{D1E8F029-E3F3-481F-B9F0-938371A8F024}"
EndProject
Global
	GlobalSection(SolutionConfigurationPlatforms) = preSolution
		Debug|Any CPU = Debug|Any CPU
		Release|Any CPU = Release|Any CPU
	EndGlobalSection
	GlobalSection(ProjectConfigurationPlatforms) = postSolution
		{D1E8F029-E3F3-481F-B9F0-938371A8F024}.Debug|Any CPU.ActiveCfg = Debug|Any CPU
		{D1E8F029-E3F3-481F-B9F0-938371A8F024}.Debug|Any CPU.Build.0 = Debug|Any CPU
		{D1E8F029-E3F3-481F-B9F0-938371A8F024}.Release|Any CPU.ActiveCfg = Release|Any CPU
		{D1E8F029-E3F3-481F-B9F0-938371A8F024}.Release|Any CPU.Build.0 = Release|Any CPU
	EndGlobalSection
	GlobalSection(SolutionProperties) = preSolution
		HideSolutionNode = FALSE
	EndGlobalSection
	GlobalSection(ExtensibilityGlobals) = postSolution
		SolutionGuid = {4EBCC6A9-90BD-4E26-9924-3D27A76EE83D}
	EndGlobalSection
EndGlobal
